
Microsoft Visual Studio Solution File, Format Version 12.00
# Visual Studio Version 17
VisualStudioVersion = 17.5.33424.131
MinimumVisualStudioVersion = 10.0.40219.1
Project("{54A90642-561A-4BB1-A94E-469ADEE60C69}") = "EMS.Web", "EMS.Web.esproj", "{CF760D7D-4609-4CDA-9E92-2725629224FF}"
EndProject
Global
	GlobalSection(SolutionConfigurationPlatforms) = preSolution
		Debug|Any CPU = Debug|Any CPU
		Release|Any CPU = Release|Any CPU
	EndGlobalSection
	GlobalSection(ProjectConfigurationPlatforms) = postSolution
		{CF760D7D-4609-4CDA-9E92-2725629224FF}.Debug|Any CPU.ActiveCfg = Debug|Any CPU
		{CF760D7D-4609-4CDA-9E92-2725629224FF}.Debug|Any CPU.Build.0 = Debug|Any CPU
		{CF760D7D-4609-4CDA-9E92-2725629224FF}.Debug|Any CPU.Deploy.0 = Debug|Any CPU
		{CF760D7D-4609-4CDA-9E92-2725629224FF}.Release|Any CPU.ActiveCfg = Release|Any CPU
		{CF760D7D-4609-4CDA-9E92-2725629224FF}.Release|Any CPU.Build.0 = Release|Any CPU
		{CF760D7D-4609-4CDA-9E92-2725629224FF}.Release|Any CPU.Deploy.0 = Release|Any CPU
	EndGlobalSection
	GlobalSection(SolutionProperties) = preSolution
		HideSolutionNode = FALSE
	EndGlobalSection
	GlobalSection(ExtensibilityGlobals) = postSolution
		SolutionGuid = {FCE79D70-F6CB-40CE-AD2E-0FDAC8AF16AC}
	EndGlobalSection
EndGlobal
